
Microsoft Visual Studio Solution File, Format Version 12.00
# Visual Studio Version 16
VisualStudioVersion = 16.0.31105.61
MinimumVisualStudioVersion = 10.0.40219.1
Project("{9A19103F-16F7-4668-BE54-9A1E7A4F7556}") = "SupplyChain.Server", "SupplyChain\Server\SupplyChain.Server.csproj", "{AAE83801-CC2D-4916-B21E-922492790D26}"
EndProject
Project("{9A19103F-16F7-4668-BE54-9A1E7A4F7556}") = "SupplyChain.Client", "SupplyChain\Client\SupplyChain.Client.csproj", "{C1B699B6-D01A-4727-B38E-BC03FA00BCF0}"
EndProject
Project("{9A19103F-16F7-4668-BE54-9A1E7A4F7556}") = "SupplyChain.Shared", "SupplyChain\Shared\SupplyChain.Shared.csproj", "{61D0DF17-E878-4290-B68D-7E1047ECE86E}"
EndProject
Project("{FAE04EC0-301F-11D3-BF4B-00C04F79EFBC}") = "WindowsFormsForRDLC", "WindowsFormsForRDLC\WindowsFormsForRDLC.csproj", "{5C3EC599-DC42-4C3B-B2EA-35AD06D0E70F}"
EndProject
Global
	GlobalSection(SolutionConfigurationPlatforms) = preSolution
		Debug|Any CPU = Debug|Any CPU
		Release|Any CPU = Release|Any CPU
	EndGlobalSection
	GlobalSection(ProjectConfigurationPlatforms) = postSolution
		{AAE83801-CC2D-4916-B21E-922492790D26}.Debug|Any CPU.ActiveCfg = Debug|Any CPU
		{AAE83801-CC2D-4916-B21E-922492790D26}.Debug|Any CPU.Build.0 = Debug|Any CPU
		{AAE83801-CC2D-4916-B21E-922492790D26}.Release|Any CPU.ActiveCfg = Release|Any CPU
		{AAE83801-CC2D-4916-B21E-922492790D26}.Release|Any CPU.Build.0 = Release|Any CPU
		{C1B699B6-D01A-4727-B38E-BC03FA00BCF0}.Debug|Any CPU.ActiveCfg = Debug|Any CPU
		{C1B699B6-D01A-4727-B38E-BC03FA00BCF0}.Debug|Any CPU.Build.0 = Debug|Any CPU
		{C1B699B6-D01A-4727-B38E-BC03FA00BCF0}.Release|Any CPU.ActiveCfg = Release|Any CPU
		{C1B699B6-D01A-4727-B38E-BC03FA00BCF0}.Release|Any CPU.Build.0 = Release|Any CPU
		{61D0DF17-E878-4290-B68D-7E1047ECE86E}.Debug|Any CPU.ActiveCfg = Debug|Any CPU
		{61D0DF17-E878-4290-B68D-7E1047ECE86E}.Debug|Any CPU.Build.0 = Debug|Any CPU
		{61D0DF17-E878-4290-B68D-7E1047ECE86E}.Release|Any CPU.ActiveCfg = Release|Any CPU
		{61D0DF17-E878-4290-B68D-7E1047ECE86E}.Release|Any CPU.Build.0 = Release|Any CPU
		{5C3EC599-DC42-4C3B-B2EA-35AD06D0E70F}.Debug|Any CPU.ActiveCfg = Debug|Any CPU
		{5C3EC599-DC42-4C3B-B2EA-35AD06D0E70F}.Debug|Any CPU.Build.0 = Debug|Any CPU
		{5C3EC599-DC42-4C3B-B2EA-35AD06D0E70F}.Release|Any CPU.ActiveCfg = Release|Any CPU
		{5C3EC599-DC42-4C3B-B2EA-35AD06D0E70F}.Release|Any CPU.Build.0 = Release|Any CPU
	EndGlobalSection
	GlobalSection(SolutionProperties) = preSolution
		HideSolutionNode = FALSE
	EndGlobalSection
	GlobalSection(ExtensibilityGlobals) = postSolution
		SolutionGuid = {511C0A45-A4F2-462A-BCEC-D1439FB210BF}
	EndGlobalSection
EndGlobal
